
Microsoft Visual Studio Solution File, Format Version 12.00
# Visual Studio Version 16
VisualStudioVersion = 16.0.33214.272
MinimumVisualStudioVersion = 10.0.40219.1
Project("{FAE04EC0-301F-11D3-BF4B-00C04F79EFBC}") = "pattern1dz", "pattern1dz\pattern1dz.csproj", "{FEAE3D86-3BF5-4803-BC4E-B60EC1C972A7}"
EndProject
Global
	GlobalSection(SolutionConfigurationPlatforms) = preSolution
		Debug|Any CPU = Debug|Any CPU
		Release|Any CPU = Release|Any CPU
	EndGlobalSection
	GlobalSection(ProjectConfigurationPlatforms) = postSolution
		{FEAE3D86-3BF5-4803-BC4E-B60EC1C972A7}.Debug|Any CPU.ActiveCfg = Debug|Any CPU
		{FEAE3D86-3BF5-4803-BC4E-B60EC1C972A7}.Debug|Any CPU.Build.0 = Debug|Any CPU
		{FEAE3D86-3BF5-4803-BC4E-B60EC1C972A7}.Release|Any CPU.ActiveCfg = Release|Any CPU
		{FEAE3D86-3BF5-4803-BC4E-B60EC1C972A7}.Release|Any CPU.Build.0 = Release|Any CPU
	EndGlobalSection
	GlobalSection(SolutionProperties) = preSolution
		HideSolutionNode = FALSE
	EndGlobalSection
	GlobalSection(ExtensibilityGlobals) = postSolution
		SolutionGuid = {4826BA40-AF58-4AD1-A8F7-E810CEA87E17}
	EndGlobalSection
EndGlobal
